
Microsoft Visual Studio Solution File, Format Version 12.00
# Visual Studio Version 17
VisualStudioVersion = 17.14.36127.28 d17.14
MinimumVisualStudioVersion = 10.0.40219.1
Project("{FAE04EC0-301F-11D3-BF4B-00C04F79EFBC}") = "MatriculaApi", "MatriculaApi\MatriculaApi.csproj", "{978171FD-255C-4B64-8956-D164688E72B5}"
EndProject
Global
	GlobalSection(SolutionConfigurationPlatforms) = preSolution
		Debug|Any CPU = Debug|Any CPU
		Release|Any CPU = Release|Any CPU
	EndGlobalSection
	GlobalSection(ProjectConfigurationPlatforms) = postSolution
		{978171FD-255C-4B64-8956-D164688E72B5}.Debug|Any CPU.ActiveCfg = Debug|Any CPU
		{978171FD-255C-4B64-8956-D164688E72B5}.Debug|Any CPU.Build.0 = Debug|Any CPU
		{978171FD-255C-4B64-8956-D164688E72B5}.Release|Any CPU.ActiveCfg = Release|Any CPU
		{978171FD-255C-4B64-8956-D164688E72B5}.Release|Any CPU.Build.0 = Release|Any CPU
	EndGlobalSection
	GlobalSection(SolutionProperties) = preSolution
		HideSolutionNode = FALSE
	EndGlobalSection
	GlobalSection(ExtensibilityGlobals) = postSolution
		SolutionGuid = {1001A9E8-0372-4896-BE60-6466C515EE64}
	EndGlobalSection
EndGlobal
